lockfileVersion: '9.0'

settings:
  autoInstallPeers: true
  excludeLinksFromLockfile: false

importers:

  .:
    devDependencies:
      eslint-flat-config-utils:
        specifier: ^3.2.0
        version: 3.2.0

packages:

  '@eslint/config-helpers@0.5.5':
    resolution: {integrity: sha512-eIJYKTCECbP/nsKaaruF6LW967mtbQbsw4JTtSVkUQc9MneSkbrgPJAbKl9nWr0ZeowV8BfsarBmPpBzGelA2w==}
    engines: {node: ^20.19.0 || ^22.13.0 || >=24}

  '@eslint/core@1.2.1':
    resolution: {integrity: sha512-MwcE1P+AZ4C6DWlpin/OmOA54mmIZ/+xZuJiQd4SyB29oAJjN30UW9wkKNptW2ctp4cEsvhlLY/CsQ1uoHDloQ==}
    engines: {node: ^20.19.0 || ^22.13.0 || >=24}

  '@types/json-schema@7.0.15':
    resolution: {integrity: sha512-5+fP8P8MFNC+AyZCDxrB2pkZFPGzqQWUzpSeuuVLvm8VMcorNYavBqoFcxK8bQz4Qsbn4oUEEem4wDLfcysGHA==}

  eslint-flat-config-utils@3.2.0:
    resolution: {integrity: sha512-PHgo1X5uqIorJONLVD9BIaOSdoYFD3z/AeJljdqDPlWVRpeCYkDbK9k0AXoYVqqNJr6FEYIEr5Rm2TSktLQcHw==}

  pathe@2.0.3:
    resolution: {integrity: sha512-WUjGcAqP1gQacoQe+OBJsFA7Ld4DyXuUIjZ5cc75cLHvJ7dtNsTugphxIADwspS+AraAUePCKrSVtPLFj/F88w==}

snapshots:

  '@eslint/config-helpers@0.5.5':
    dependencies:
      '@eslint/core': 1.2.1

  '@eslint/core@1.2.1':
    dependencies:
      '@types/json-schema': 7.0.15

  '@types/json-schema@7.0.15': {}

  eslint-flat-config-utils@3.2.0:
    dependencies:
      '@eslint/config-helpers': 0.5.5
      pathe: 2.0.3

  pathe@2.0.3: {}
